
Microsoft Visual Studio Solution File, Format Version 12.00
# Visual Studio Version 17
VisualStudioVersion = 17.9.34728.123
MinimumVisualStudioVersion = 10.0.40219.1
Project("{FAE04EC0-301F-11D3-BF4B-00C04F79EFBC}") = "Zadanie 4", "Zadanie 4\Zadanie 4.csproj", "{0BFDF71F-EBBA-4138-80F8-F8A8B1590FD3}"
EndProject
Global
	GlobalSection(SolutionConfigurationPlatforms) = preSolution
		Debug|Any CPU = Debug|Any CPU
		Release|Any CPU = Release|Any CPU
	EndGlobalSection
	GlobalSection(ProjectConfigurationPlatforms) = postSolution
		{0BFDF71F-EBBA-4138-80F8-F8A8B1590FD3}.Debug|Any CPU.ActiveCfg = Debug|Any CPU
		{0BFDF71F-EBBA-4138-80F8-F8A8B1590FD3}.Debug|Any CPU.Build.0 = Debug|Any CPU
		{0BFDF71F-EBBA-4138-80F8-F8A8B1590FD3}.Release|Any CPU.ActiveCfg = Release|Any CPU
		{0BFDF71F-EBBA-4138-80F8-F8A8B1590FD3}.Release|Any CPU.Build.0 = Release|Any CPU
	EndGlobalSection
	GlobalSection(SolutionProperties) = preSolution
		HideSolutionNode = FALSE
	EndGlobalSection
	GlobalSection(ExtensibilityGlobals) = postSolution
		SolutionGuid = {07D631A2-27BC-4808-BDD6-5058EB3E44EC}
	EndGlobalSection
EndGlobal
